
Microsoft Visual Studio Solution File, Format Version 12.00
# Visual Studio Version 16
VisualStudioVersion = 16.0.30804.86
MinimumVisualStudioVersion = 10.0.40219.1
Project("{FAE04EC0-301F-11D3-BF4B-00C04F79EFBC}") = "Girls.Gama2", "Girls.Gama2\Girls.Gama2.csproj", "{B4F30A70-DE11-4FE8-8A5E-F24C2AF8349B}"
EndProject
Global
	GlobalSection(SolutionConfigurationPlatforms) = preSolution
		Debug|Any CPU = Debug|Any CPU
		Release|Any CPU = Release|Any CPU
	EndGlobalSection
	GlobalSection(ProjectConfigurationPlatforms) = postSolution
		{B4F30A70-DE11-4FE8-8A5E-F24C2AF8349B}.Debug|Any CPU.ActiveCfg = Debug|Any CPU
		{B4F30A70-DE11-4FE8-8A5E-F24C2AF8349B}.Debug|Any CPU.Build.0 = Debug|Any CPU
		{B4F30A70-DE11-4FE8-8A5E-F24C2AF8349B}.Release|Any CPU.ActiveCfg = Release|Any CPU
		{B4F30A70-DE11-4FE8-8A5E-F24C2AF8349B}.Release|Any CPU.Build.0 = Release|Any CPU
	EndGlobalSection
	GlobalSection(SolutionProperties) = preSolution
		HideSolutionNode = FALSE
	EndGlobalSection
	GlobalSection(ExtensibilityGlobals) = postSolution
		SolutionGuid = {DBE983BE-0CC3-4FC8-B618-65FFD122444E}
	EndGlobalSection
EndGlobal
